
Microsoft Visual Studio Solution File, Format Version 12.00
# Visual Studio Version 16
VisualStudioVersion = 16.0.31321.278
MinimumVisualStudioVersion = 10.0.40219.1
Project("{2150E333-8FDC-42A3-9474-1A3956D46DE8}") = "src", "src", "{D7869B23-FA8E-4508-9541-5B3FC3C46013}"
EndProject
Project("{2150E333-8FDC-42A3-9474-1A3956D46DE8}") = "test", "test", "{6A427520-897C-4CAE-9C76-F65D81B3002D}"
EndProject
Project("{2150E333-8FDC-42A3-9474-1A3956D46DE8}") = "API", "API", "{7F3014DE-CFB0-436A-9C54-BDD7D9179D50}"
EndProject
Project("{2150E333-8FDC-42A3-9474-1A3956D46DE8}") = "Core", "Core", "{C6EEECB5-2C61-4D7C-B0F7-68F528157B39}"
EndProject
Project("{2150E333-8FDC-42A3-9474-1A3956D46DE8}") = "Infrastructure", "Infrastructure", "{DDAD5818-263D-4B59-A9F5-34577DD299A0}"
EndProject
Project("{2150E333-8FDC-42A3-9474-1A3956D46DE8}") = "UI", "UI", "{22268508-D00D-44DA-B28C-660A42DB6C9A}"
EndProject
Project("{9A19103F-16F7-4668-BE54-9A1E7A4F7556}") = "Domain", "Domain\Domain.csproj", "{793A73CA-BBF0-4575-B6CB-E7DB765C0976}"
EndProject
Project("{9A19103F-16F7-4668-BE54-9A1E7A4F7556}") = "Application", "Application\Application.csproj", "{85B798CF-452B-40D0-99A2-95B5711A942F}"
EndProject
Project("{FAE04EC0-301F-11D3-BF4B-00C04F79EFBC}") = "Persistence", "Persistence\Persistence.csproj", "{930BEB91-8DE9-48D6-B444-E05D267AE1FB}"
EndProject
Project("{FAE04EC0-301F-11D3-BF4B-00C04F79EFBC}") = "Infrastructure", "Infrastructure\Infrastructure.csproj", "{6CCAECDA-0272-428F-B153-D23EFD8724B7}"
EndProject
Project("{FAE04EC0-301F-11D3-BF4B-00C04F79EFBC}") = "API", "API\API.csproj", "{8DFA8688-F7B5-4BD4-8038-6DC165A8FA55}"
EndProject
Global
	GlobalSection(SolutionConfigurationPlatforms) = preSolution
		Debug|Any CPU = Debug|Any CPU
		Release|Any CPU = Release|Any CPU
	EndGlobalSection
	GlobalSection(ProjectConfigurationPlatforms) = postSolution
		{793A73CA-BBF0-4575-B6CB-E7DB765C0976}.Debug|Any CPU.ActiveCfg = Debug|Any CPU
		{793A73CA-BBF0-4575-B6CB-E7DB765C0976}.Debug|Any CPU.Build.0 = Debug|Any CPU
		{793A73CA-BBF0-4575-B6CB-E7DB765C0976}.Release|Any CPU.ActiveCfg = Release|Any CPU
		{793A73CA-BBF0-4575-B6CB-E7DB765C0976}.Release|Any CPU.Build.0 = Release|Any CPU
		{85B798CF-452B-40D0-99A2-95B5711A942F}.Debug|Any CPU.ActiveCfg = Debug|Any CPU
		{85B798CF-452B-40D0-99A2-95B5711A942F}.Debug|Any CPU.Build.0 = Debug|Any CPU
		{85B798CF-452B-40D0-99A2-95B5711A942F}.Release|Any CPU.ActiveCfg = Release|Any CPU
		{85B798CF-452B-40D0-99A2-95B5711A942F}.Release|Any CPU.Build.0 = Release|Any CPU
		{930BEB91-8DE9-48D6-B444-E05D267AE1FB}.Debug|Any CPU.ActiveCfg = Debug|Any CPU
		{930BEB91-8DE9-48D6-B444-E05D267AE1FB}.Debug|Any CPU.Build.0 = Debug|Any CPU
		{930BEB91-8DE9-48D6-B444-E05D267AE1FB}.Release|Any CPU.ActiveCfg = Release|Any CPU
		{930BEB91-8DE9-48D6-B444-E05D267AE1FB}.Release|Any CPU.Build.0 = Release|Any CPU
		{6CCAECDA-0272-428F-B153-D23EFD8724B7}.Debug|Any CPU.ActiveCfg = Debug|Any CPU
		{6CCAECDA-0272-428F-B153-D23EFD8724B7}.Debug|Any CPU.Build.0 = Debug|Any CPU
		{6CCAECDA-0272-428F-B153-D23EFD8724B7}.Release|Any CPU.ActiveCfg = Release|Any CPU
		{6CCAECDA-0272-428F-B153-D23EFD8724B7}.Release|Any CPU.Build.0 = Release|Any CPU
		{8DFA8688-F7B5-4BD4-8038-6DC165A8FA55}.Debug|Any CPU.ActiveCfg = Debug|Any CPU
		{8DFA8688-F7B5-4BD4-8038-6DC165A8FA55}.Debug|Any CPU.Build.0 = Debug|Any CPU
		{8DFA8688-F7B5-4BD4-8038-6DC165A8FA55}.Release|Any CPU.ActiveCfg = Release|Any CPU
		{8DFA8688-F7B5-4BD4-8038-6DC165A8FA55}.Release|Any CPU.Build.0 = Release|Any CPU
	EndGlobalSection
	GlobalSection(SolutionProperties) = preSolution
		HideSolutionNode = FALSE
	EndGlobalSection
	GlobalSection(NestedProjects) = preSolution
		{7F3014DE-CFB0-436A-9C54-BDD7D9179D50} = {D7869B23-FA8E-4508-9541-5B3FC3C46013}
		{C6EEECB5-2C61-4D7C-B0F7-68F528157B39} = {D7869B23-FA8E-4508-9541-5B3FC3C46013}
		{DDAD5818-263D-4B59-A9F5-34577DD299A0} = {D7869B23-FA8E-4508-9541-5B3FC3C46013}
		{22268508-D00D-44DA-B28C-660A42DB6C9A} = {D7869B23-FA8E-4508-9541-5B3FC3C46013}
		{793A73CA-BBF0-4575-B6CB-E7DB765C0976} = {C6EEECB5-2C61-4D7C-B0F7-68F528157B39}
		{85B798CF-452B-40D0-99A2-95B5711A942F} = {C6EEECB5-2C61-4D7C-B0F7-68F528157B39}
		{930BEB91-8DE9-48D6-B444-E05D267AE1FB} = {DDAD5818-263D-4B59-A9F5-34577DD299A0}
		{6CCAECDA-0272-428F-B153-D23EFD8724B7} = {DDAD5818-263D-4B59-A9F5-34577DD299A0}
		{8DFA8688-F7B5-4BD4-8038-6DC165A8FA55} = {7F3014DE-CFB0-436A-9C54-BDD7D9179D50}
	EndGlobalSection
	GlobalSection(ExtensibilityGlobals) = postSolution
		SolutionGuid = {51006379-BC9A-43C6-BFAE-3DAD80ABF5C2}
	EndGlobalSection
EndGlobal
